
Microsoft Visual Studio Solution File, Format Version 12.00
# Visual Studio 15
VisualStudioVersion = 15.0.27130.2027
MinimumVisualStudioVersion = 10.0.40219.1
Project("{FAE04EC0-301F-11D3-BF4B-00C04F79EFBC}") = "DiscussApp", "DiscussApp\DiscussApp\DiscussApp.csproj", "{C0BBBFE4-8B08-4259-8614-2934977B8112}"
EndProject
Project("{FAE04EC0-301F-11D3-BF4B-00C04F79EFBC}") = "DiscussApp.Android", "DiscussApp\DiscussApp.Android\DiscussApp.Android.csproj", "{0BF3E3A5-63F5-4950-8D47-41A82BB762BC}"
EndProject
Project("{FAE04EC0-301F-11D3-BF4B-00C04F79EFBC}") = "DiscussApp.iOS", "DiscussApp\DiscussApp.iOS\DiscussApp.iOS.csproj", "{ABB8E4E2-5968-47CD-826C-52068E3D8A50}"
EndProject
Global
	GlobalSection(SolutionConfigurationPlatforms) = preSolution
		Ad-Hoc|Any CPU = Ad-Hoc|Any CPU
		Ad-Hoc|iPhone = Ad-Hoc|iPhone
		Ad-Hoc|iPhoneSimulator = Ad-Hoc|iPhoneSimulator
		AppStore|Any CPU = AppStore|Any CPU
		AppStore|iPhone = AppStore|iPhone
		AppStore|iPhoneSimulator = AppStore|iPhoneSimulator
		Debug|Any CPU = Debug|Any CPU
		Debug|iPhone = Debug|iPhone
		Debug|iPhoneSimulator = Debug|iPhoneSimulator
		Release|Any CPU = Release|Any CPU
		Release|iPhone = Release|iPhone
		Release|iPhoneSimulator = Release|iPhoneSimulator
	EndGlobalSection
	GlobalSection(ProjectConfigurationPlatforms) = postSolution
		{C0BBBFE4-8B08-4259-8614-2934977B8112}.Ad-Hoc|Any CPU.ActiveCfg = Debug|Any CPU
		{C0BBBFE4-8B08-4259-8614-2934977B8112}.Ad-Hoc|Any CPU.Build.0 = Debug|Any CPU
		{C0BBBFE4-8B08-4259-8614-2934977B8112}.Ad-Hoc|iPhone.ActiveCfg = Debug|Any CPU
		{C0BBBFE4-8B08-4259-8614-2934977B8112}.Ad-Hoc|iPhone.Build.0 = Debug|Any CPU
		{C0BBBFE4-8B08-4259-8614-2934977B8112}.Ad-Hoc|iPhoneSimulator.ActiveCfg = Debug|Any CPU
		{C0BBBFE4-8B08-4259-8614-2934977B8112}.Ad-Hoc|iPhoneSimulator.Build.0 = Debug|Any CPU
		{C0BBBFE4-8B08-4259-8614-2934977B8112}.AppStore|Any CPU.ActiveCfg = Debug|Any CPU
		{C0BBBFE4-8B08-4259-8614-2934977B8112}.AppStore|Any CPU.Build.0 = Debug|Any CPU
		{C0BBBFE4-8B08-4259-8614-2934977B8112}.AppStore|iPhone.ActiveCfg = Debug|Any CPU
		{C0BBBFE4-8B08-4259-8614-2934977B8112}.AppStore|iPhone.Build.0 = Debug|Any CPU
		{C0BBBFE4-8B08-4259-8614-2934977B8112}.AppStore|iPhoneSimulator.ActiveCfg = Debug|Any CPU
		{C0BBBFE4-8B08-4259-8614-2934977B8112}.AppStore|iPhoneSimulator.Build.0 = Debug|Any CPU
		{C0BBBFE4-8B08-4259-8614-2934977B8112}.Debug|Any CPU.ActiveCfg = Debug|Any CPU
		{C0BBBFE4-8B08-4259-8614-2934977B8112}.Debug|Any CPU.Build.0 = Debug|Any CPU
		{C0BBBFE4-8B08-4259-8614-2934977B8112}.Debug|iPhone.ActiveCfg = Debug|Any CPU
		{C0BBBFE4-8B08-4259-8614-2934977B8112}.Debug|iPhone.Build.0 = Debug|Any CPU
		{C0BBBFE4-8B08-4259-8614-2934977B8112}.Debug|iPhoneSimulator.ActiveCfg = Debug|Any CPU
		{C0BBBFE4-8B08-4259-8614-2934977B8112}.Debug|iPhoneSimulator.Build.0 = Debug|Any CPU
		{C0BBBFE4-8B08-4259-8614-2934977B8112}.Release|Any CPU.ActiveCfg = Release|Any CPU
		{C0BBBFE4-8B08-4259-8614-2934977B8112}.Release|Any CPU.Build.0 = Release|Any CPU
		{C0BBBFE4-8B08-4259-8614-2934977B8112}.Release|iPhone.ActiveCfg = Release|Any CPU
		{C0BBBFE4-8B08-4259-8614-2934977B8112}.Release|iPhone.Build.0 = Release|Any CPU
		{C0BBBFE4-8B08-4259-8614-2934977B8112}.Release|iPhoneSimulator.ActiveCfg = Release|Any CPU
		{C0BBBFE4-8B08-4259-8614-2934977B8112}.Release|iPhoneSimulator.Build.0 = Release|Any CPU
		{0BF3E3A5-63F5-4950-8D47-41A82BB762BC}.Ad-Hoc|Any CPU.ActiveCfg = Release|Any CPU
		{0BF3E3A5-63F5-4950-8D47-41A82BB762BC}.Ad-Hoc|Any CPU.Build.0 = Release|Any CPU
		{0BF3E3A5-63F5-4950-8D47-41A82BB762BC}.Ad-Hoc|Any CPU.Deploy.0 = Release|Any CPU
		{0BF3E3A5-63F5-4950-8D47-41A82BB762BC}.Ad-Hoc|iPhone.ActiveCfg = Release|Any CPU
		{0BF3E3A5-63F5-4950-8D47-41A82BB762BC}.Ad-Hoc|iPhone.Build.0 = Release|Any CPU
		{0BF3E3A5-63F5-4950-8D47-41A82BB762BC}.Ad-Hoc|iPhone.Deploy.0 = Release|Any CPU
		{0BF3E3A5-63F5-4950-8D47-41A82BB762BC}.Ad-Hoc|iPhoneSimulator.ActiveCfg = Release|Any CPU
		{0BF3E3A5-63F5-4950-8D47-41A82BB762BC}.Ad-Hoc|iPhoneSimulator.Build.0 = Release|Any CPU
		{0BF3E3A5-63F5-4950-8D47-41A82BB762BC}.Ad-Hoc|iPhoneSimulator.Deploy.0 = Release|Any CPU
		{0BF3E3A5-63F5-4950-8D47-41A82BB762BC}.AppStore|Any CPU.ActiveCfg = Release|Any CPU
		{0BF3E3A5-63F5-4950-8D47-41A82BB762BC}.AppStore|Any CPU.Build.0 = Release|Any CPU
		{0BF3E3A5-63F5-4950-8D47-41A82BB762BC}.AppStore|Any CPU.Deploy.0 = Release|Any CPU
		{0BF3E3A5-63F5-4950-8D47-41A82BB762BC}.AppStore|iPhone.ActiveCfg = Release|Any CPU
		{0BF3E3A5-63F5-4950-8D47-41A82BB762BC}.AppStore|iPhone.Build.0 = Release|Any CPU
		{0BF3E3A5-63F5-4950-8D47-41A82BB762BC}.AppStore|iPhone.Deploy.0 = Release|Any CPU
		{0BF3E3A5-63F5-4950-8D47-41A82BB762BC}.AppStore|iPhoneSimulator.ActiveCfg = Release|Any CPU
		{0BF3E3A5-63F5-4950-8D47-41A82BB762BC}.AppStore|iPhoneSimulator.Build.0 = Release|Any CPU
		{0BF3E3A5-63F5-4950-8D47-41A82BB762BC}.AppStore|iPhoneSimulator.Deploy.0 = Release|Any CPU
		{0BF3E3A5-63F5-4950-8D47-41A82BB762BC}.Debug|Any CPU.ActiveCfg = Debug|Any CPU
		{0BF3E3A5-63F5-4950-8D47-41A82BB762BC}.Debug|Any CPU.Build.0 = Debug|Any CPU
		{0BF3E3A5-63F5-4950-8D47-41A82BB762BC}.Debug|Any CPU.Deploy.0 = Debug|Any CPU
		{0BF3E3A5-63F5-4950-8D47-41A82BB762BC}.Debug|iPhone.ActiveCfg = Debug|Any CPU
		{0BF3E3A5-63F5-4950-8D47-41A82BB762BC}.Debug|iPhone.Build.0 = Debug|Any CPU
		{0BF3E3A5-63F5-4950-8D47-41A82BB762BC}.Debug|iPhone.Deploy.0 = Debug|Any CPU
		{0BF3E3A5-63F5-4950-8D47-41A82BB762BC}.Debug|iPhoneSimulator.ActiveCfg = Debug|Any CPU
		{0BF3E3A5-63F5-4950-8D47-41A82BB762BC}.Debug|iPhoneSimulator.Build.0 = Debug|Any CPU
		{0BF3E3A5-63F5-4950-8D47-41A82BB762BC}.Debug|iPhoneSimulator.Deploy.0 = Debug|Any CPU
		{0BF3E3A5-63F5-4950-8D47-41A82BB762BC}.Release|Any CPU.ActiveCfg = Release|Any CPU
		{0BF3E3A5-63F5-4950-8D47-41A82BB762BC}.Release|Any CPU.Build.0 = Release|Any CPU
		{0BF3E3A5-63F5-4950-8D47-41A82BB762BC}.Release|Any CPU.Deploy.0 = Release|Any CPU
		{0BF3E3A5-63F5-4950-8D47-41A82BB762BC}.Release|iPhone.ActiveCfg = Release|Any CPU
		{0BF3E3A5-63F5-4950-8D47-41A82BB762BC}.Release|iPhone.Build.0 = Release|Any CPU
		{0BF3E3A5-63F5-4950-8D47-41A82BB762BC}.Release|iPhone.Deploy.0 = Release|Any CPU
		{0BF3E3A5-63F5-4950-8D47-41A82BB762BC}.Release|iPhoneSimulator.ActiveCfg = Release|Any CPU
		{0BF3E3A5-63F5-4950-8D47-41A82BB762BC}.Release|iPhoneSimulator.Build.0 = Release|Any CPU
		{0BF3E3A5-63F5-4950-8D47-41A82BB762BC}.Release|iPhoneSimulator.Deploy.0 = Release|Any CPU
		{ABB8E4E2-5968-47CD-826C-52068E3D8A50}.Ad-Hoc|Any CPU.ActiveCfg = Ad-Hoc|iPhone
		{ABB8E4E2-5968-47CD-826C-52068E3D8A50}.Ad-Hoc|iPhone.ActiveCfg = Ad-Hoc|iPhone
		{ABB8E4E2-5968-47CD-826C-52068E3D8A50}.Ad-Hoc|iPhone.Build.0 = Ad-Hoc|iPhone
		{ABB8E4E2-5968-47CD-826C-52068E3D8A50}.Ad-Hoc|iPhoneSimulator.ActiveCfg = Ad-Hoc|iPhoneSimulator
		{ABB8E4E2-5968-47CD-826C-52068E3D8A50}.Ad-Hoc|iPhoneSimulator.Build.0 = Ad-Hoc|iPhoneSimulator
		{ABB8E4E2-5968-47CD-826C-52068E3D8A50}.AppStore|Any CPU.ActiveCfg = AppStore|iPhone
		{ABB8E4E2-5968-47CD-826C-52068E3D8A50}.AppStore|iPhone.ActiveCfg = AppStore|iPhone
		{ABB8E4E2-5968-47CD-826C-52068E3D8A50}.AppStore|iPhone.Build.0 = AppStore|iPhone
		{ABB8E4E2-5968-47CD-826C-52068E3D8A50}.AppStore|iPhoneSimulator.ActiveCfg = AppStore|iPhoneSimulator
		{ABB8E4E2-5968-47CD-826C-52068E3D8A50}.AppStore|iPhoneSimulator.Build.0 = AppStore|iPhoneSimulator
		{ABB8E4E2-5968-47CD-826C-52068E3D8A50}.Debug|Any CPU.ActiveCfg = Debug|iPhone
		{ABB8E4E2-5968-47CD-826C-52068E3D8A50}.Debug|iPhone.ActiveCfg = Debug|iPhone
		{ABB8E4E2-5968-47CD-826C-52068E3D8A50}.Debug|iPhone.Build.0 = Debug|iPhone
		{ABB8E4E2-5968-47CD-826C-52068E3D8A50}.Debug|iPhoneSimulator.ActiveCfg = Debug|iPhoneSimulator
		{ABB8E4E2-5968-47CD-826C-52068E3D8A50}.Debug|iPhoneSimulator.Build.0 = Debug|iPhoneSimulator
		{ABB8E4E2-5968-47CD-826C-52068E3D8A50}.Release|Any CPU.ActiveCfg = Release|iPhone
		{ABB8E4E2-5968-47CD-826C-52068E3D8A50}.Release|iPhone.ActiveCfg = Release|iPhone
		{ABB8E4E2-5968-47CD-826C-52068E3D8A50}.Release|iPhone.Build.0 = Release|iPhone
		{ABB8E4E2-5968-47CD-826C-52068E3D8A50}.Release|iPhoneSimulator.ActiveCfg = Release|iPhoneSimulator
		{ABB8E4E2-5968-47CD-826C-52068E3D8A50}.Release|iPhoneSimulator.Build.0 = Release|iPhoneSimulator
	EndGlobalSection
	GlobalSection(SolutionProperties) = preSolution
		HideSolutionNode = FALSE
	EndGlobalSection
	GlobalSection(ExtensibilityGlobals) = postSolution
		SolutionGuid = {B8B0E138-F4CE-4661-852A-3CE3CC083B07}
	EndGlobalSection
EndGlobal
